
Microsoft Visual Studio Solution File, Format Version 12.00
# Visual Studio 15
VisualStudioVersion = 15.0.28307.168
MinimumVisualStudioVersion = 10.0.40219.1
Project("{FAE04EC0-301F-11D3-BF4B-00C04F79EFBC}") = "1.2WinForm", "1.2WinForm\1.2WinForm.csproj", "{5B04CEED-4C63-48D6-A64F-A231384CEADA}"
EndProject
Global
	GlobalSection(SolutionConfigurationPlatforms) = preSolution
		Debug|Any CPU = Debug|Any CPU
		Release|Any CPU = Release|Any CPU
	EndGlobalSection
	GlobalSection(ProjectConfigurationPlatforms) = postSolution
		{5B04CEED-4C63-48D6-A64F-A231384CEADA}.Debug|Any CPU.ActiveCfg = Debug|Any CPU
		{5B04CEED-4C63-48D6-A64F-A231384CEADA}.Debug|Any CPU.Build.0 = Debug|Any CPU
		{5B04CEED-4C63-48D6-A64F-A231384CEADA}.Release|Any CPU.ActiveCfg = Release|Any CPU
		{5B04CEED-4C63-48D6-A64F-A231384CEADA}.Release|Any CPU.Build.0 = Release|Any CPU
	EndGlobalSection
	GlobalSection(SolutionProperties) = preSolution
		HideSolutionNode = FALSE
	EndGlobalSection
	GlobalSection(ExtensibilityGlobals) = postSolution
		SolutionGuid = {7C0E0B39-7EEC-464B-A232-1455D0BE0558}
	EndGlobalSection
EndGlobal
